
Microsoft Visual Studio Solution File, Format Version 12.00
# Visual Studio Version 16
VisualStudioVersion = 16.0.31205.134
MinimumVisualStudioVersion = 10.0.40219.1
Project("{8BC9CEB8-8B4A-11D0-8D11-00A0C91BC942}") = "farc", "farc\farc.vcxproj", "{C9E00B0C-4691-4D5D-8317-E5741F78A6D5}"
EndProject
Project("{8BC9CEB8-8B4A-11D0-8D11-00A0C91BC942}") = "scn", "scn\scn.vcxproj", "{4134257B-EB7C-4FBF-85E5-CD82208F738D}"
EndProject
Project("{8BC9CEB8-8B4A-11D0-8D11-00A0C91BC942}") = "tbg", "tbg\tbg.vcxproj", "{D7374CCA-5BB3-4EF6-97B4-D0317D87E87C}"
EndProject
Project("{8BC9CEB8-8B4A-11D0-8D11-00A0C91BC942}") = "tbx", "tbx\tbx.vcxproj", "{EDCC7670-6F4C-4388-8157-74A80EB15447}"
EndProject
Project("{FAE04EC0-301F-11D3-BF4B-00C04F79EFBC}") = "TbxEditor", "TbxEditor\TbxEditor.csproj", "{DB8E83C0-5AC6-40AD-8247-4B29F340C404}"
EndProject
Project("{FAE04EC0-301F-11D3-BF4B-00C04F79EFBC}") = "7sCarletSceneEditor", "7sCarletSceneEditor\7sCarletSceneEditor.csproj", "{1DBF8727-B98A-46B4-B9DD-6DCC698A42F8}"
EndProject
Global
	GlobalSection(SolutionConfigurationPlatforms) = preSolution
		Debug|Any CPU = Debug|Any CPU
		Debug|x64 = Debug|x64
		Debug|x86 = Debug|x86
		Release|Any CPU = Release|Any CPU
		Release|x64 = Release|x64
		Release|x86 = Release|x86
	EndGlobalSection
	GlobalSection(ProjectConfigurationPlatforms) = postSolution
		{C9E00B0C-4691-4D5D-8317-E5741F78A6D5}.Debug|Any CPU.ActiveCfg = Debug|Win32
		{C9E00B0C-4691-4D5D-8317-E5741F78A6D5}.Debug|x64.ActiveCfg = Debug|x64
		{C9E00B0C-4691-4D5D-8317-E5741F78A6D5}.Debug|x64.Build.0 = Debug|x64
		{C9E00B0C-4691-4D5D-8317-E5741F78A6D5}.Debug|x86.ActiveCfg = Debug|Win32
		{C9E00B0C-4691-4D5D-8317-E5741F78A6D5}.Debug|x86.Build.0 = Debug|Win32
		{C9E00B0C-4691-4D5D-8317-E5741F78A6D5}.Release|Any CPU.ActiveCfg = Release|Win32
		{C9E00B0C-4691-4D5D-8317-E5741F78A6D5}.Release|x64.ActiveCfg = Release|x64
		{C9E00B0C-4691-4D5D-8317-E5741F78A6D5}.Release|x64.Build.0 = Release|x64
		{C9E00B0C-4691-4D5D-8317-E5741F78A6D5}.Release|x86.ActiveCfg = Release|Win32
		{C9E00B0C-4691-4D5D-8317-E5741F78A6D5}.Release|x86.Build.0 = Release|Win32
		{4134257B-EB7C-4FBF-85E5-CD82208F738D}.Debug|Any CPU.ActiveCfg = Debug|Win32
		{4134257B-EB7C-4FBF-85E5-CD82208F738D}.Debug|x64.ActiveCfg = Debug|x64
		{4134257B-EB7C-4FBF-85E5-CD82208F738D}.Debug|x64.Build.0 = Debug|x64
		{4134257B-EB7C-4FBF-85E5-CD82208F738D}.Debug|x86.ActiveCfg = Debug|Win32
		{4134257B-EB7C-4FBF-85E5-CD82208F738D}.Debug|x86.Build.0 = Debug|Win32
		{4134257B-EB7C-4FBF-85E5-CD82208F738D}.Release|Any CPU.ActiveCfg = Release|Win32
		{4134257B-EB7C-4FBF-85E5-CD82208F738D}.Release|x64.ActiveCfg = Release|x64
		{4134257B-EB7C-4FBF-85E5-CD82208F738D}.Release|x64.Build.0 = Release|x64
		{4134257B-EB7C-4FBF-85E5-CD82208F738D}.Release|x86.ActiveCfg = Release|Win32
		{4134257B-EB7C-4FBF-85E5-CD82208F738D}.Release|x86.Build.0 = Release|Win32
		{D7374CCA-5BB3-4EF6-97B4-D0317D87E87C}.Debug|Any CPU.ActiveCfg = Debug|Win32
		{D7374CCA-5BB3-4EF6-97B4-D0317D87E87C}.Debug|x64.ActiveCfg = Debug|x64
		{D7374CCA-5BB3-4EF6-97B4-D0317D87E87C}.Debug|x64.Build.0 = Debug|x64
		{D7374CCA-5BB3-4EF6-97B4-D0317D87E87C}.Debug|x86.ActiveCfg = Debug|Win32
		{D7374CCA-5BB3-4EF6-97B4-D0317D87E87C}.Debug|x86.Build.0 = Debug|Win32
		{D7374CCA-5BB3-4EF6-97B4-D0317D87E87C}.Release|Any CPU.ActiveCfg = Release|Win32
		{D7374CCA-5BB3-4EF6-97B4-D0317D87E87C}.Release|x64.ActiveCfg = Release|x64
		{D7374CCA-5BB3-4EF6-97B4-D0317D87E87C}.Release|x64.Build.0 = Release|x64
		{D7374CCA-5BB3-4EF6-97B4-D0317D87E87C}.Release|x86.ActiveCfg = Release|Win32
		{D7374CCA-5BB3-4EF6-97B4-D0317D87E87C}.Release|x86.Build.0 = Release|Win32
		{EDCC7670-6F4C-4388-8157-74A80EB15447}.Debug|Any CPU.ActiveCfg = Debug|Win32
		{EDCC7670-6F4C-4388-8157-74A80EB15447}.Debug|x64.ActiveCfg = Debug|x64
		{EDCC7670-6F4C-4388-8157-74A80EB15447}.Debug|x64.Build.0 = Debug|x64
		{EDCC7670-6F4C-4388-8157-74A80EB15447}.Debug|x86.ActiveCfg = Debug|Win32
		{EDCC7670-6F4C-4388-8157-74A80EB15447}.Debug|x86.Build.0 = Debug|Win32
		{EDCC7670-6F4C-4388-8157-74A80EB15447}.Release|Any CPU.ActiveCfg = Release|Win32
		{EDCC7670-6F4C-4388-8157-74A80EB15447}.Release|x64.ActiveCfg = Release|x64
		{EDCC7670-6F4C-4388-8157-74A80EB15447}.Release|x64.Build.0 = Release|x64
		{EDCC7670-6F4C-4388-8157-74A80EB15447}.Release|x86.ActiveCfg = Release|Win32
		{EDCC7670-6F4C-4388-8157-74A80EB15447}.Release|x86.Build.0 = Release|Win32
		{DB8E83C0-5AC6-40AD-8247-4B29F340C404}.Debug|Any CPU.ActiveCfg = Debug|Any CPU
		{DB8E83C0-5AC6-40AD-8247-4B29F340C404}.Debug|Any CPU.Build.0 = Debug|Any CPU
		{DB8E83C0-5AC6-40AD-8247-4B29F340C404}.Debug|x64.ActiveCfg = Debug|Any CPU
		{DB8E83C0-5AC6-40AD-8247-4B29F340C404}.Debug|x64.Build.0 = Debug|Any CPU
		{DB8E83C0-5AC6-40AD-8247-4B29F340C404}.Debug|x86.ActiveCfg = Debug|Any CPU
		{DB8E83C0-5AC6-40AD-8247-4B29F340C404}.Debug|x86.Build.0 = Debug|Any CPU
		{DB8E83C0-5AC6-40AD-8247-4B29F340C404}.Release|Any CPU.ActiveCfg = Release|Any CPU
		{DB8E83C0-5AC6-40AD-8247-4B29F340C404}.Release|Any CPU.Build.0 = Release|Any CPU
		{DB8E83C0-5AC6-40AD-8247-4B29F340C404}.Release|x64.ActiveCfg = Release|Any CPU
		{DB8E83C0-5AC6-40AD-8247-4B29F340C404}.Release|x64.Build.0 = Release|Any CPU
		{DB8E83C0-5AC6-40AD-8247-4B29F340C404}.Release|x86.ActiveCfg = Release|Any CPU
		{DB8E83C0-5AC6-40AD-8247-4B29F340C404}.Release|x86.Build.0 = Release|Any CPU
		{1DBF8727-B98A-46B4-B9DD-6DCC698A42F8}.Debug|Any CPU.ActiveCfg = Debug|Any CPU
		{1DBF8727-B98A-46B4-B9DD-6DCC698A42F8}.Debug|Any CPU.Build.0 = Debug|Any CPU
		{1DBF8727-B98A-46B4-B9DD-6DCC698A42F8}.Debug|x64.ActiveCfg = Debug|Any CPU
		{1DBF8727-B98A-46B4-B9DD-6DCC698A42F8}.Debug|x64.Build.0 = Debug|Any CPU
		{1DBF8727-B98A-46B4-B9DD-6DCC698A42F8}.Debug|x86.ActiveCfg = Debug|Any CPU
		{1DBF8727-B98A-46B4-B9DD-6DCC698A42F8}.Debug|x86.Build.0 = Debug|Any CPU
		{1DBF8727-B98A-46B4-B9DD-6DCC698A42F8}.Release|Any CPU.ActiveCfg = Release|Any CPU
		{1DBF8727-B98A-46B4-B9DD-6DCC698A42F8}.Release|Any CPU.Build.0 = Release|Any CPU
		{1DBF8727-B98A-46B4-B9DD-6DCC698A42F8}.Release|x64.ActiveCfg = Release|Any CPU
		{1DBF8727-B98A-46B4-B9DD-6DCC698A42F8}.Release|x64.Build.0 = Release|Any CPU
		{1DBF8727-B98A-46B4-B9DD-6DCC698A42F8}.Release|x86.ActiveCfg = Release|Any CPU
		{1DBF8727-B98A-46B4-B9DD-6DCC698A42F8}.Release|x86.Build.0 = Release|Any CPU
	EndGlobalSection
	GlobalSection(SolutionProperties) = preSolution
		HideSolutionNode = FALSE
	EndGlobalSection
	GlobalSection(ExtensibilityGlobals) = postSolution
		SolutionGuid = {374D5B53-E272-4976-83CC-50789C96560E}
	EndGlobalSection
EndGlobal
